
Microsoft Visual Studio Solution File, Format Version 12.00
# Visual Studio Version 17
VisualStudioVersion = 17.8.34511.84
MinimumVisualStudioVersion = 10.0.40219.1
Project("{9A19103F-16F7-4668-BE54-9A1E7A4F7556}") = "WorkAround", "WorkAround\WorkAround.csproj", "{DE17EAA9-D07A-4BFE-AECD-40854F8BE419}"
EndProject
Project("{FAE04EC0-301F-11D3-BF4B-00C04F79EFBC}") = "Entities", "Entities\Entities.csproj", "{493E5665-ADDC-4F88-B89E-9E77EE8BDBB1}"
EndProject
Project("{FAE04EC0-301F-11D3-BF4B-00C04F79EFBC}") = "Business", "Business\Business.csproj", "{2C954953-712E-46B8-A6F3-2AE6E7967B7F}"
EndProject
Global
	GlobalSection(SolutionConfigurationPlatforms) = preSolution
		Debug|Any CPU = Debug|Any CPU
		Release|Any CPU = Release|Any CPU
	EndGlobalSection
	GlobalSection(ProjectConfigurationPlatforms) = postSolution
		{DE17EAA9-D07A-4BFE-AECD-40854F8BE419}.Debug|Any CPU.ActiveCfg = Debug|Any CPU
		{DE17EAA9-D07A-4BFE-AECD-40854F8BE419}.Debug|Any CPU.Build.0 = Debug|Any CPU
		{DE17EAA9-D07A-4BFE-AECD-40854F8BE419}.Release|Any CPU.ActiveCfg = Release|Any CPU
		{DE17EAA9-D07A-4BFE-AECD-40854F8BE419}.Release|Any CPU.Build.0 = Release|Any CPU
		{493E5665-ADDC-4F88-B89E-9E77EE8BDBB1}.Debug|Any CPU.ActiveCfg = Debug|Any CPU
		{493E5665-ADDC-4F88-B89E-9E77EE8BDBB1}.Debug|Any CPU.Build.0 = Debug|Any CPU
		{493E5665-ADDC-4F88-B89E-9E77EE8BDBB1}.Release|Any CPU.ActiveCfg = Release|Any CPU
		{493E5665-ADDC-4F88-B89E-9E77EE8BDBB1}.Release|Any CPU.Build.0 = Release|Any CPU
		{2C954953-712E-46B8-A6F3-2AE6E7967B7F}.Debug|Any CPU.ActiveCfg = Debug|Any CPU
		{2C954953-712E-46B8-A6F3-2AE6E7967B7F}.Debug|Any CPU.Build.0 = Debug|Any CPU
		{2C954953-712E-46B8-A6F3-2AE6E7967B7F}.Release|Any CPU.ActiveCfg = Release|Any CPU
		{2C954953-712E-46B8-A6F3-2AE6E7967B7F}.Release|Any CPU.Build.0 = Release|Any CPU
	EndGlobalSection
	GlobalSection(SolutionProperties) = preSolution
		HideSolutionNode = FALSE
	EndGlobalSection
	GlobalSection(ExtensibilityGlobals) = postSolution
		SolutionGuid = {2C67F34D-BE71-4C3E-8672-B356CC907003}
	EndGlobalSection
EndGlobal
